
Microsoft Visual Studio Solution File, Format Version 12.00
# Visual Studio 14
VisualStudioVersion = 14.0.25420.1
MinimumVisualStudioVersion = 10.0.40219.1
Project("{FAE04EC0-301F-11D3-BF4B-00C04F79EFBC}") = "MRRC", "MRRC\MRRC.csproj", "{CCBB4090-544D-424F-B2A5-2A434787AC45}"
EndProject
Project("{FAE04EC0-301F-11D3-BF4B-00C04F79EFBC}") = "MRRCmanagement", "MRRCmanagement\MRRCmanagement.csproj", "{1DF8C090-8BEC-4E93-903E-132D9CDF43F6}"
EndProject
Global
	GlobalSection(SolutionConfigurationPlatforms) = preSolution
		Debug|Any CPU = Debug|Any CPU
		Release|Any CPU = Release|Any CPU
	EndGlobalSection
	GlobalSection(ProjectConfigurationPlatforms) = postSolution
		{CCBB4090-544D-424F-B2A5-2A434787AC45}.Debug|Any CPU.ActiveCfg = Debug|Any CPU
		{CCBB4090-544D-424F-B2A5-2A434787AC45}.Debug|Any CPU.Build.0 = Debug|Any CPU
		{CCBB4090-544D-424F-B2A5-2A434787AC45}.Release|Any CPU.ActiveCfg = Release|Any CPU
		{CCBB4090-544D-424F-B2A5-2A434787AC45}.Release|Any CPU.Build.0 = Release|Any CPU
		{1DF8C090-8BEC-4E93-903E-132D9CDF43F6}.Debug|Any CPU.ActiveCfg = Debug|Any CPU
		{1DF8C090-8BEC-4E93-903E-132D9CDF43F6}.Debug|Any CPU.Build.0 = Debug|Any CPU
		{1DF8C090-8BEC-4E93-903E-132D9CDF43F6}.Release|Any CPU.ActiveCfg = Release|Any CPU
		{1DF8C090-8BEC-4E93-903E-132D9CDF43F6}.Release|Any CPU.Build.0 = Release|Any CPU
	EndGlobalSection
	GlobalSection(SolutionProperties) = preSolution
		HideSolutionNode = FALSE
	EndGlobalSection
EndGlobal
